
Microsoft Visual Studio Solution File, Format Version 12.00
# Visual Studio Version 17
VisualStudioVersion = 17.5.33627.172
MinimumVisualStudioVersion = 10.0.40219.1
Project("{9A19103F-16F7-4668-BE54-9A1E7A4F7556}") = "CarrinhoCompras", "CarrinhoCompras\CarrinhoCompras.csproj", "{E743C338-E591-4070-A247-702D0612B1B9}"
EndProject
Project("{2150E333-8FDC-42A3-9474-1A3956D46DE8}") = "Services", "Services", "{D1F26424-C920-4B0D-8ACF-8D2F3508946E}"
EndProject
Project("{FAE04EC0-301F-11D3-BF4B-00C04F79EFBC}") = "Usuario", "Usuario\Usuario.csproj", "{EA838112-CA88-4D6D-8827-8EDE60A7CF26}"
EndProject
Global
	GlobalSection(SolutionConfigurationPlatforms) = preSolution
		Debug|Any CPU = Debug|Any CPU
		Release|Any CPU = Release|Any CPU
	EndGlobalSection
	GlobalSection(ProjectConfigurationPlatforms) = postSolution
		{E743C338-E591-4070-A247-702D0612B1B9}.Debug|Any CPU.ActiveCfg = Debug|Any CPU
		{E743C338-E591-4070-A247-702D0612B1B9}.Debug|Any CPU.Build.0 = Debug|Any CPU
		{E743C338-E591-4070-A247-702D0612B1B9}.Release|Any CPU.ActiveCfg = Release|Any CPU
		{E743C338-E591-4070-A247-702D0612B1B9}.Release|Any CPU.Build.0 = Release|Any CPU
		{EA838112-CA88-4D6D-8827-8EDE60A7CF26}.Debug|Any CPU.ActiveCfg = Debug|Any CPU
		{EA838112-CA88-4D6D-8827-8EDE60A7CF26}.Debug|Any CPU.Build.0 = Debug|Any CPU
		{EA838112-CA88-4D6D-8827-8EDE60A7CF26}.Release|Any CPU.ActiveCfg = Release|Any CPU
		{EA838112-CA88-4D6D-8827-8EDE60A7CF26}.Release|Any CPU.Build.0 = Release|Any CPU
	EndGlobalSection
	GlobalSection(SolutionProperties) = preSolution
		HideSolutionNode = FALSE
	EndGlobalSection
	GlobalSection(NestedProjects) = preSolution
		{E743C338-E591-4070-A247-702D0612B1B9} = {D1F26424-C920-4B0D-8ACF-8D2F3508946E}
		{EA838112-CA88-4D6D-8827-8EDE60A7CF26} = {D1F26424-C920-4B0D-8ACF-8D2F3508946E}
	EndGlobalSection
	GlobalSection(ExtensibilityGlobals) = postSolution
		SolutionGuid = {5F385103-B276-4FDB-B203-66B4EF9A4CBA}
	EndGlobalSection
EndGlobal
